
Microsoft Visual Studio Solution File, Format Version 12.00
# Visual Studio Version 17
VisualStudioVersion = 17.5.33530.505
MinimumVisualStudioVersion = 10.0.40219.1
Project("{FAE04EC0-301F-11D3-BF4B-00C04F79EFBC}") = "JokesWebApp", "JokesWebApp\JokesWebApp.csproj", "{9F753B00-7326-4C97-8771-6FACC39C989C}"
EndProject
Global
	GlobalSection(SolutionConfigurationPlatforms) = preSolution
		Debug|Any CPU = Debug|Any CPU
		Release|Any CPU = Release|Any CPU
	EndGlobalSection
	GlobalSection(ProjectConfigurationPlatforms) = postSolution
		{9F753B00-7326-4C97-8771-6FACC39C989C}.Debug|Any CPU.ActiveCfg = Debug|Any CPU
		{9F753B00-7326-4C97-8771-6FACC39C989C}.Debug|Any CPU.Build.0 = Debug|Any CPU
		{9F753B00-7326-4C97-8771-6FACC39C989C}.Release|Any CPU.ActiveCfg = Release|Any CPU
		{9F753B00-7326-4C97-8771-6FACC39C989C}.Release|Any CPU.Build.0 = Release|Any CPU
	EndGlobalSection
	GlobalSection(SolutionProperties) = preSolution
		HideSolutionNode = FALSE
	EndGlobalSection
	GlobalSection(ExtensibilityGlobals) = postSolution
		SolutionGuid = {38D14620-A179-4BDD-B602-1E5D325D9EED}
	EndGlobalSection
EndGlobal
